
Microsoft Visual Studio Solution File, Format Version 12.00
# Visual Studio 15
VisualStudioVersion = 15.0.27130.2027
MinimumVisualStudioVersion = 10.0.40219.1
Project("{8BC9CEB8-8B4A-11D0-8D11-00A0C91BC942}") = "C_Day06", "C_Day06\C_Day06.vcxproj", "{32C13020-1608-4DA1-9161-F95449933127}"
EndProject
Global
	GlobalSection(SolutionConfigurationPlatforms) = preSolution
		Debug|x64 = Debug|x64
		Debug|x86 = Debug|x86
		Release|x64 = Release|x64
		Release|x86 = Release|x86
	EndGlobalSection
	GlobalSection(ProjectConfigurationPlatforms) = postSolution
		{32C13020-1608-4DA1-9161-F95449933127}.Debug|x64.ActiveCfg = Debug|x64
		{32C13020-1608-4DA1-9161-F95449933127}.Debug|x64.Build.0 = Debug|x64
		{32C13020-1608-4DA1-9161-F95449933127}.Debug|x86.ActiveCfg = Debug|Win32
		{32C13020-1608-4DA1-9161-F95449933127}.Debug|x86.Build.0 = Debug|Win32
		{32C13020-1608-4DA1-9161-F95449933127}.Release|x64.ActiveCfg = Release|x64
		{32C13020-1608-4DA1-9161-F95449933127}.Release|x64.Build.0 = Release|x64
		{32C13020-1608-4DA1-9161-F95449933127}.Release|x86.ActiveCfg = Release|Win32
		{32C13020-1608-4DA1-9161-F95449933127}.Release|x86.Build.0 = Release|Win32
	EndGlobalSection
	GlobalSection(SolutionProperties) = preSolution
		HideSolutionNode = FALSE
	EndGlobalSection
	GlobalSection(ExtensibilityGlobals) = postSolution
		SolutionGuid = {1A9D523D-9384-4519-BD23-6558EDED9A74}
	EndGlobalSection
EndGlobal
